
Microsoft Visual Studio Solution File, Format Version 12.00
# Visual Studio Version 17
VisualStudioVersion = 17.12.35527.113 d17.12
MinimumVisualStudioVersion = 10.0.40219.1
Project("{FAE04EC0-301F-11D3-BF4B-00C04F79EFBC}") = "BetNHL", "BetNHL\BetNHL\BetNHL.csproj", "{4F117ADD-B31B-431B-BCB9-1ADFBF1EC917}"
	ProjectSection(ProjectDependencies) = postProject
		{F193F601-9166-46D4-AB98-E89C48A22967} = {F193F601-9166-46D4-AB98-E89C48A22967}
	EndProjectSection
EndProject
Project("{FAE04EC0-301F-11D3-BF4B-00C04F79EFBC}") = "BetNHL_Web_Api", "BetNHL_Web_Api\BetNHL_Web_Api\BetNHL_Web_Api.csproj", "{F193F601-9166-46D4-AB98-E89C48A22967}"
EndProject
Global
	GlobalSection(SolutionConfigurationPlatforms) = preSolution
		Debug|Any CPU = Debug|Any CPU
		Release|Any CPU = Release|Any CPU
	EndGlobalSection
	GlobalSection(ProjectConfigurationPlatforms) = postSolution
		{4F117ADD-B31B-431B-BCB9-1ADFBF1EC917}.Debug|Any CPU.ActiveCfg = Debug|Any CPU
		{4F117ADD-B31B-431B-BCB9-1ADFBF1EC917}.Debug|Any CPU.Build.0 = Debug|Any CPU
		{4F117ADD-B31B-431B-BCB9-1ADFBF1EC917}.Debug|Any CPU.Deploy.0 = Debug|Any CPU
		{4F117ADD-B31B-431B-BCB9-1ADFBF1EC917}.Release|Any CPU.ActiveCfg = Release|Any CPU
		{4F117ADD-B31B-431B-BCB9-1ADFBF1EC917}.Release|Any CPU.Build.0 = Release|Any CPU
		{F193F601-9166-46D4-AB98-E89C48A22967}.Debug|Any CPU.ActiveCfg = Debug|Any CPU
		{F193F601-9166-46D4-AB98-E89C48A22967}.Debug|Any CPU.Build.0 = Debug|Any CPU
		{F193F601-9166-46D4-AB98-E89C48A22967}.Release|Any CPU.ActiveCfg = Release|Any CPU
		{F193F601-9166-46D4-AB98-E89C48A22967}.Release|Any CPU.Build.0 = Release|Any CPU
	EndGlobalSection
	GlobalSection(SolutionProperties) = preSolution
		HideSolutionNode = FALSE
	EndGlobalSection
EndGlobal
